
Microsoft Visual Studio Solution File, Format Version 12.00
# Visual Studio Version 16
VisualStudioVersion = 16.0.30011.22
MinimumVisualStudioVersion = 10.0.40219.1
Project("{FAE04EC0-301F-11D3-BF4B-00C04F79EFBC}") = "CSSimpleWebBrowser", "CSSimpleWebBrowser\CSSimpleWebBrowser.csproj", "{6E25E265-523A-495D-AED7-2C3045008221}"
EndProject
Global
	GlobalSection(SolutionConfigurationPlatforms) = preSolution
		Debug|Any CPU = Debug|Any CPU
		Release|Any CPU = Release|Any CPU
	EndGlobalSection
	GlobalSection(ProjectConfigurationPlatforms) = postSolution
		{6E25E265-523A-495D-AED7-2C3045008221}.Debug|Any CPU.ActiveCfg = Debug|Any CPU
		{6E25E265-523A-495D-AED7-2C3045008221}.Debug|Any CPU.Build.0 = Debug|Any CPU
		{6E25E265-523A-495D-AED7-2C3045008221}.Release|Any CPU.ActiveCfg = Release|Any CPU
		{6E25E265-523A-495D-AED7-2C3045008221}.Release|Any CPU.Build.0 = Release|Any CPU
	EndGlobalSection
	GlobalSection(SolutionProperties) = preSolution
		HideSolutionNode = FALSE
	EndGlobalSection
	GlobalSection(ExtensibilityGlobals) = postSolution
		SolutionGuid = {0C41D597-2AEF-4D1E-9081-BF8725053A9D}
	EndGlobalSection
EndGlobal
