
Microsoft Visual Studio Solution File, Format Version 12.00
# Visual Studio Version 16
VisualStudioVersion = 16.0.30011.22
MinimumVisualStudioVersion = 10.0.40219.1
Project("{FAE04EC0-301F-11D3-BF4B-00C04F79EFBC}") = "CSScreenKeyboardF", "CSScreenKeyboardF\CSScreenKeyboardF.csproj", "{D9F9D742-D58E-42FF-A069-8371DAA2C212}"
EndProject
Project("{FAE04EC0-301F-11D3-BF4B-00C04F79EFBC}") = "CSScreenKeyboardQEng", "CSScreenKeyboardQEng\CSScreenKeyboardQEng.csproj", "{1DB445D5-F0D1-4C1C-B5F9-2C69F068BCE9}"
EndProject
Project("{FAE04EC0-301F-11D3-BF4B-00C04F79EFBC}") = "CSScreenKeyboardQTr", "CSScreenKeyboardQTr\CSScreenKeyboardQTr.csproj", "{5F0B5E77-71F1-45C6-9F59-A5EDFFBC3564}"
EndProject
Global
	GlobalSection(SolutionConfigurationPlatforms) = preSolution
		Debug|Any CPU = Debug|Any CPU
		Release|Any CPU = Release|Any CPU
	EndGlobalSection
	GlobalSection(ProjectConfigurationPlatforms) = postSolution
		{D9F9D742-D58E-42FF-A069-8371DAA2C212}.Debug|Any CPU.ActiveCfg = Debug|Any CPU
		{D9F9D742-D58E-42FF-A069-8371DAA2C212}.Debug|Any CPU.Build.0 = Debug|Any CPU
		{D9F9D742-D58E-42FF-A069-8371DAA2C212}.Release|Any CPU.ActiveCfg = Release|Any CPU
		{D9F9D742-D58E-42FF-A069-8371DAA2C212}.Release|Any CPU.Build.0 = Release|Any CPU
		{1DB445D5-F0D1-4C1C-B5F9-2C69F068BCE9}.Debug|Any CPU.ActiveCfg = Debug|Any CPU
		{1DB445D5-F0D1-4C1C-B5F9-2C69F068BCE9}.Debug|Any CPU.Build.0 = Debug|Any CPU
		{1DB445D5-F0D1-4C1C-B5F9-2C69F068BCE9}.Release|Any CPU.ActiveCfg = Release|Any CPU
		{1DB445D5-F0D1-4C1C-B5F9-2C69F068BCE9}.Release|Any CPU.Build.0 = Release|Any CPU
		{5F0B5E77-71F1-45C6-9F59-A5EDFFBC3564}.Debug|Any CPU.ActiveCfg = Debug|Any CPU
		{5F0B5E77-71F1-45C6-9F59-A5EDFFBC3564}.Debug|Any CPU.Build.0 = Debug|Any CPU
		{5F0B5E77-71F1-45C6-9F59-A5EDFFBC3564}.Release|Any CPU.ActiveCfg = Release|Any CPU
		{5F0B5E77-71F1-45C6-9F59-A5EDFFBC3564}.Release|Any CPU.Build.0 = Release|Any CPU
	EndGlobalSection
	GlobalSection(SolutionProperties) = preSolution
		HideSolutionNode = FALSE
	EndGlobalSection
	GlobalSection(ExtensibilityGlobals) = postSolution
		SolutionGuid = {9296810B-137D-415F-A9C5-7377FD7C8CF0}
	EndGlobalSection
EndGlobal
